
Microsoft Visual Studio Solution File, Format Version 12.00
# Visual Studio Version 17
VisualStudioVersion = 17.7.34031.279
MinimumVisualStudioVersion = 10.0.40219.1
Project("{FAE04EC0-301F-11D3-BF4B-00C04F79EFBC}") = "BeanandBrewV2", "BeanandBrewV2\BeanandBrewV2.csproj", "{5340DCBD-4A76-4037-9CE7-3E2EB9285B77}"
EndProject
Global
	GlobalSection(SolutionConfigurationPlatforms) = preSolution
		Debug|Any CPU = Debug|Any CPU
		Release|Any CPU = Release|Any CPU
	EndGlobalSection
	GlobalSection(ProjectConfigurationPlatforms) = postSolution
		{5340DCBD-4A76-4037-9CE7-3E2EB9285B77}.Debug|Any CPU.ActiveCfg = Debug|Any CPU
		{5340DCBD-4A76-4037-9CE7-3E2EB9285B77}.Debug|Any CPU.Build.0 = Debug|Any CPU
		{5340DCBD-4A76-4037-9CE7-3E2EB9285B77}.Release|Any CPU.ActiveCfg = Release|Any CPU
		{5340DCBD-4A76-4037-9CE7-3E2EB9285B77}.Release|Any CPU.Build.0 = Release|Any CPU
	EndGlobalSection
	GlobalSection(SolutionProperties) = preSolution
		HideSolutionNode = FALSE
	EndGlobalSection
	GlobalSection(ExtensibilityGlobals) = postSolution
		SolutionGuid = {B10E0141-4F58-4AEC-A4A2-957036D75742}
	EndGlobalSection
EndGlobal
